PODS:
  - InstantSearchVoiceOverlay (1.1.0)

DEPENDENCIES:
  - InstantSearchVoiceOverlay (~> 1.1.0)

SPEC REPOS:
  trunk:
    - InstantSearchVoiceOverlay

SPEC CHECKSUMS:
  InstantSearchVoiceOverlay: 8fcbd0c143c872e6b39ef9b6475f1dfeb9ebfbcf

PODFILE CHECKSUM: f9830338db8a80b79516de0345989e48af367cd9

COCOAPODS: 1.11.2
